
Microsoft Visual Studio Solution File, Format Version 12.00
# Visual Studio 14
VisualStudioVersion = 14.0.25420.1
MinimumVisualStudioVersion = 10.0.40219.1
Project("{FAE04EC0-301F-11D3-BF4B-00C04F79EFBC}") = "ServiceDomain", "ServiceDomain\ServiceDomain.csproj", "{2EDF937F-573F-4EE0-954E-7CF9A0BDA8B8}"
EndProject
Project("{FAE04EC0-301F-11D3-BF4B-00C04F79EFBC}") = "StoreService.Tests", "StoreService.Tests\StoreService.Tests.csproj", "{D30B267A-C084-4904-B2BB-A53F342F7440}"
EndProject
Project("{FAE04EC0-301F-11D3-BF4B-00C04F79EFBC}") = "ServiceRepository", "ServiceRepository\ServiceRepository.csproj", "{B89DC15B-CD77-48B6-BD6E-52EB00E73C48}"
EndProject
Project("{FAE04EC0-301F-11D3-BF4B-00C04F79EFBC}") = "ServiceDataAccess", "ServiceDataAccess\ServiceDataAccess.csproj", "{205ED39E-7959-4383-824C-AAAECB1D1749}"
EndProject
Project("{FAE04EC0-301F-11D3-BF4B-00C04F79EFBC}") = "DataAccessModels", "DataAccessModels\DataAccessModels.csproj", "{261DDB6B-FDE6-46D1-BBE3-52EADA693A93}"
EndProject
Project("{FAE04EC0-301F-11D3-BF4B-00C04F79EFBC}") = "DataDomainModels", "DataDomainModels\DataDomainModels.csproj", "{449B5A5F-EBFB-4973-B29E-84E5A30C6B1D}"
EndProject
Global
	GlobalSection(SolutionConfigurationPlatforms) = preSolution
		Debug|Any CPU = Debug|Any CPU
		Release|Any CPU = Release|Any CPU
	EndGlobalSection
	GlobalSection(ProjectConfigurationPlatforms) = postSolution
		{2EDF937F-573F-4EE0-954E-7CF9A0BDA8B8}.Debug|Any CPU.ActiveCfg = Debug|Any CPU
		{2EDF937F-573F-4EE0-954E-7CF9A0BDA8B8}.Debug|Any CPU.Build.0 = Debug|Any CPU
		{2EDF937F-573F-4EE0-954E-7CF9A0BDA8B8}.Release|Any CPU.ActiveCfg = Release|Any CPU
		{2EDF937F-573F-4EE0-954E-7CF9A0BDA8B8}.Release|Any CPU.Build.0 = Release|Any CPU
		{D30B267A-C084-4904-B2BB-A53F342F7440}.Debug|Any CPU.ActiveCfg = Debug|Any CPU
		{D30B267A-C084-4904-B2BB-A53F342F7440}.Debug|Any CPU.Build.0 = Debug|Any CPU
		{D30B267A-C084-4904-B2BB-A53F342F7440}.Release|Any CPU.ActiveCfg = Release|Any CPU
		{D30B267A-C084-4904-B2BB-A53F342F7440}.Release|Any CPU.Build.0 = Release|Any CPU
		{B89DC15B-CD77-48B6-BD6E-52EB00E73C48}.Debug|Any CPU.ActiveCfg = Debug|Any CPU
		{B89DC15B-CD77-48B6-BD6E-52EB00E73C48}.Debug|Any CPU.Build.0 = Debug|Any CPU
		{B89DC15B-CD77-48B6-BD6E-52EB00E73C48}.Release|Any CPU.ActiveCfg = Release|Any CPU
		{B89DC15B-CD77-48B6-BD6E-52EB00E73C48}.Release|Any CPU.Build.0 = Release|Any CPU
		{205ED39E-7959-4383-824C-AAAECB1D1749}.Debug|Any CPU.ActiveCfg = Debug|Any CPU
		{205ED39E-7959-4383-824C-AAAECB1D1749}.Debug|Any CPU.Build.0 = Debug|Any CPU
		{205ED39E-7959-4383-824C-AAAECB1D1749}.Release|Any CPU.ActiveCfg = Release|Any CPU
		{205ED39E-7959-4383-824C-AAAECB1D1749}.Release|Any CPU.Build.0 = Release|Any CPU
		{261DDB6B-FDE6-46D1-BBE3-52EADA693A93}.Debug|Any CPU.ActiveCfg = Debug|Any CPU
		{261DDB6B-FDE6-46D1-BBE3-52EADA693A93}.Debug|Any CPU.Build.0 = Debug|Any CPU
		{261DDB6B-FDE6-46D1-BBE3-52EADA693A93}.Release|Any CPU.ActiveCfg = Release|Any CPU
		{261DDB6B-FDE6-46D1-BBE3-52EADA693A93}.Release|Any CPU.Build.0 = Release|Any CPU
		{449B5A5F-EBFB-4973-B29E-84E5A30C6B1D}.Debug|Any CPU.ActiveCfg = Debug|Any CPU
		{449B5A5F-EBFB-4973-B29E-84E5A30C6B1D}.Debug|Any CPU.Build.0 = Debug|Any CPU
		{449B5A5F-EBFB-4973-B29E-84E5A30C6B1D}.Release|Any CPU.ActiveCfg = Release|Any CPU
		{449B5A5F-EBFB-4973-B29E-84E5A30C6B1D}.Release|Any CPU.Build.0 = Release|Any CPU
	EndGlobalSection
	GlobalSection(SolutionProperties) = preSolution
		HideSolutionNode = FALSE
	EndGlobalSection
EndGlobal
